
Microsoft Visual Studio Solution File, Format Version 12.00
# Visual Studio 14
VisualStudioVersion = 14.0.25420.1
MinimumVisualStudioVersion = 10.0.40219.1
Project("{FAE04EC0-301F-11D3-BF4B-00C04F79EFBC}") = "Empty", "Empty\Empty.csproj", "{2CDE2774-5F01-48F1-92FA-72395A87514B}"
EndProject
Project("{FAE04EC0-301F-11D3-BF4B-00C04F79EFBC}") = "01.ArrayReverseExample", "01.ArrayReverseExample\01.ArrayReverseExample.csproj", "{B01F7F9A-E2C8-4775-84C8-E8E2A8B50493}"
EndProject
Project("{FAE04EC0-301F-11D3-BF4B-00C04F79EFBC}") = "02.ReadingAnArrayFromTheConsole", "02.ReadingAnArrayFromTheConsole\02.ReadingAnArrayFromTheConsole.csproj", "{11F950F1-E45B-4219-901F-0D1D389C7466}"
EndProject
Project("{FAE04EC0-301F-11D3-BF4B-00C04F79EFBC}") = "03.CheckForSymmetricArray", "03.CheckForSymmetricArray\03.CheckForSymmetricArray.csproj", "{AACA1F73-B944-48EF-9813-A99BAB5C915A}"
EndProject
Project("{FAE04EC0-301F-11D3-BF4B-00C04F79EFBC}") = "04.PrintingAnArray", "04.PrintingAnArray\04.PrintingAnArray.csproj", "{D9C8DFAD-5563-45EF-B9B9-01B4DD3F25F9}"
EndProject
Project("{FAE04EC0-301F-11D3-BF4B-00C04F79EFBC}") = "05.DoublingTheElementsOfArray", "05.DoublingTheElementsOfArray\05.DoublingTheElementsOfArray.csproj", "{137A5A3C-7B7C-4273-9F78-8028B44C187A}"
EndProject
Project("{FAE04EC0-301F-11D3-BF4B-00C04F79EFBC}") = "05.SquareTheEvenElementsOfTheArray", "05.SquareTheEvenElementsOfTheArray\05.SquareTheEvenElementsOfTheArray.csproj", "{8C23AE65-A11B-4671-8BB6-F64EB2E0BEB3}"
EndProject
Project("{FAE04EC0-301F-11D3-BF4B-00C04F79EFBC}") = "06.ArrayInAReverseOrder", "06.ArrayInAReverseOrder\06.ArrayInAReverseOrder.csproj", "{639B59E2-5C85-4B66-8E00-5BD9921D9FF7}"
EndProject
Project("{FAE04EC0-301F-11D3-BF4B-00C04F79EFBC}") = "07.ForeachLoop", "07.ForeachLoop\07.ForeachLoop.csproj", "{9D098278-9933-485B-B127-E4BA0D4E9CB8}"
EndProject
Project("{FAE04EC0-301F-11D3-BF4B-00C04F79EFBC}") = "08.PrintingMatricesExample", "08.PrintingMatricesExample\08.PrintingMatricesExample.csproj", "{352B3AC6-D2B5-4F85-869D-46A4154C88D3}"
EndProject
Project("{FAE04EC0-301F-11D3-BF4B-00C04F79EFBC}") = "09.ReadingMatricesFromTheConsole", "09.ReadingMatricesFromTheConsole\09.ReadingMatricesFromTheConsole.csproj", "{DF3325D0-91BA-4425-A529-8530533B2701}"
EndProject
Project("{FAE04EC0-301F-11D3-BF4B-00C04F79EFBC}") = "10.MaximalPlatformInAMatrix", "10.MaximalPlatformInAMatrix\10.MaximalPlatformInAMatrix.csproj", "{14B6F3FF-A5D2-4738-8C6D-1736E006767F}"
EndProject
Project("{FAE04EC0-301F-11D3-BF4B-00C04F79EFBC}") = "11.PascalTriangle", "11.PascalTriangle\11.PascalTriangle.csproj", "{AA7AEC58-379C-4A0F-AB0E-F9ED9CE9C33A}"
EndProject
Project("{FAE04EC0-301F-11D3-BF4B-00C04F79EFBC}") = "12.ArrayOf20Elements", "12.ArrayOf20Elements\12.ArrayOf20Elements.csproj", "{C4FD28B9-C789-459F-94D1-93FE181FE06B}"
EndProject
Project("{FAE04EC0-301F-11D3-BF4B-00C04F79EFBC}") = "13.EqualArrays", "13.EqualArrays\13.EqualArrays.csproj", "{D1EAEDF1-6753-4EFD-B72F-0EAC078D7DEF}"
EndProject
Project("{FAE04EC0-301F-11D3-BF4B-00C04F79EFBC}") = "14.TwoArraysOfTypeChar", "14.TwoArraysOfTypeChar\14.TwoArraysOfTypeChar.csproj", "{D3A11D60-3F82-410F-B1A0-55CC54E06C90}"
EndProject
Project("{FAE04EC0-301F-11D3-BF4B-00C04F79EFBC}") = "15.MaximalSequenceOfEqualElements", "15.MaximalSequenceOfEqualElements\15.MaximalSequenceOfEqualElements.csproj", "{AA7CC9F6-8FFE-4629-B412-A475F0865230}"
EndProject
Project("{FAE04EC0-301F-11D3-BF4B-00C04F79EFBC}") = "16.MaximalSequenceOfIncreasingIntegers", "16.MaximalSequenceOfIncreasingIntegers\16.MaximalSequenceOfIncreasingIntegers.csproj", "{5AAD61AA-E291-4692-BB2B-63E40D8AF5B8}"
EndProject
Global
	GlobalSection(SolutionConfigurationPlatforms) = preSolution
		Debug|Any CPU = Debug|Any CPU
		Release|Any CPU = Release|Any CPU
	EndGlobalSection
	GlobalSection(ProjectConfigurationPlatforms) = postSolution
		{2CDE2774-5F01-48F1-92FA-72395A87514B}.Debug|Any CPU.ActiveCfg = Debug|Any CPU
		{2CDE2774-5F01-48F1-92FA-72395A87514B}.Debug|Any CPU.Build.0 = Debug|Any CPU
		{2CDE2774-5F01-48F1-92FA-72395A87514B}.Release|Any CPU.ActiveCfg = Release|Any CPU
		{2CDE2774-5F01-48F1-92FA-72395A87514B}.Release|Any CPU.Build.0 = Release|Any CPU
		{B01F7F9A-E2C8-4775-84C8-E8E2A8B50493}.Debug|Any CPU.ActiveCfg = Debug|Any CPU
		{B01F7F9A-E2C8-4775-84C8-E8E2A8B50493}.Debug|Any CPU.Build.0 = Debug|Any CPU
		{B01F7F9A-E2C8-4775-84C8-E8E2A8B50493}.Release|Any CPU.ActiveCfg = Release|Any CPU
		{B01F7F9A-E2C8-4775-84C8-E8E2A8B50493}.Release|Any CPU.Build.0 = Release|Any CPU
		{11F950F1-E45B-4219-901F-0D1D389C7466}.Debug|Any CPU.ActiveCfg = Debug|Any CPU
		{11F950F1-E45B-4219-901F-0D1D389C7466}.Debug|Any CPU.Build.0 = Debug|Any CPU
		{11F950F1-E45B-4219-901F-0D1D389C7466}.Release|Any CPU.ActiveCfg = Release|Any CPU
		{11F950F1-E45B-4219-901F-0D1D389C7466}.Release|Any CPU.Build.0 = Release|Any CPU
		{AACA1F73-B944-48EF-9813-A99BAB5C915A}.Debug|Any CPU.ActiveCfg = Debug|Any CPU
		{AACA1F73-B944-48EF-9813-A99BAB5C915A}.Debug|Any CPU.Build.0 = Debug|Any CPU
		{AACA1F73-B944-48EF-9813-A99BAB5C915A}.Release|Any CPU.ActiveCfg = Release|Any CPU
		{AACA1F73-B944-48EF-9813-A99BAB5C915A}.Release|Any CPU.Build.0 = Release|Any CPU
		{D9C8DFAD-5563-45EF-B9B9-01B4DD3F25F9}.Debug|Any CPU.ActiveCfg = Debug|Any CPU
		{D9C8DFAD-5563-45EF-B9B9-01B4DD3F25F9}.Debug|Any CPU.Build.0 = Debug|Any CPU
		{D9C8DFAD-5563-45EF-B9B9-01B4DD3F25F9}.Release|Any CPU.ActiveCfg = Release|Any CPU
		{D9C8DFAD-5563-45EF-B9B9-01B4DD3F25F9}.Release|Any CPU.Build.0 = Release|Any CPU
		{137A5A3C-7B7C-4273-9F78-8028B44C187A}.Debug|Any CPU.ActiveCfg = Debug|Any CPU
		{137A5A3C-7B7C-4273-9F78-8028B44C187A}.Debug|Any CPU.Build.0 = Debug|Any CPU
		{137A5A3C-7B7C-4273-9F78-8028B44C187A}.Release|Any CPU.ActiveCfg = Release|Any CPU
		{137A5A3C-7B7C-4273-9F78-8028B44C187A}.Release|Any CPU.Build.0 = Release|Any CPU
		{8C23AE65-A11B-4671-8BB6-F64EB2E0BEB3}.Debug|Any CPU.ActiveCfg = Debug|Any CPU
		{8C23AE65-A11B-4671-8BB6-F64EB2E0BEB3}.Debug|Any CPU.Build.0 = Debug|Any CPU
		{8C23AE65-A11B-4671-8BB6-F64EB2E0BEB3}.Release|Any CPU.ActiveCfg = Release|Any CPU
		{8C23AE65-A11B-4671-8BB6-F64EB2E0BEB3}.Release|Any CPU.Build.0 = Release|Any CPU
		{639B59E2-5C85-4B66-8E00-5BD9921D9FF7}.Debug|Any CPU.ActiveCfg = Debug|Any CPU
		{639B59E2-5C85-4B66-8E00-5BD9921D9FF7}.Debug|Any CPU.Build.0 = Debug|Any CPU
		{639B59E2-5C85-4B66-8E00-5BD9921D9FF7}.Release|Any CPU.ActiveCfg = Release|Any CPU
		{639B59E2-5C85-4B66-8E00-5BD9921D9FF7}.Release|Any CPU.Build.0 = Release|Any CPU
		{9D098278-9933-485B-B127-E4BA0D4E9CB8}.Debug|Any CPU.ActiveCfg = Debug|Any CPU
		{9D098278-9933-485B-B127-E4BA0D4E9CB8}.Debug|Any CPU.Build.0 = Debug|Any CPU
		{9D098278-9933-485B-B127-E4BA0D4E9CB8}.Release|Any CPU.ActiveCfg = Release|Any CPU
		{9D098278-9933-485B-B127-E4BA0D4E9CB8}.Release|Any CPU.Build.0 = Release|Any CPU
		{352B3AC6-D2B5-4F85-869D-46A4154C88D3}.Debug|Any CPU.ActiveCfg = Debug|Any CPU
		{352B3AC6-D2B5-4F85-869D-46A4154C88D3}.Debug|Any CPU.Build.0 = Debug|Any CPU
		{352B3AC6-D2B5-4F85-869D-46A4154C88D3}.Release|Any CPU.ActiveCfg = Release|Any CPU
		{352B3AC6-D2B5-4F85-869D-46A4154C88D3}.Release|Any CPU.Build.0 = Release|Any CPU
		{DF3325D0-91BA-4425-A529-8530533B2701}.Debug|Any CPU.ActiveCfg = Debug|Any CPU
		{DF3325D0-91BA-4425-A529-8530533B2701}.Debug|Any CPU.Build.0 = Debug|Any CPU
		{DF3325D0-91BA-4425-A529-8530533B2701}.Release|Any CPU.ActiveCfg = Release|Any CPU
		{DF3325D0-91BA-4425-A529-8530533B2701}.Release|Any CPU.Build.0 = Release|Any CPU
		{14B6F3FF-A5D2-4738-8C6D-1736E006767F}.Debug|Any CPU.ActiveCfg = Debug|Any CPU
		{14B6F3FF-A5D2-4738-8C6D-1736E006767F}.Debug|Any CPU.Build.0 = Debug|Any CPU
		{14B6F3FF-A5D2-4738-8C6D-1736E006767F}.Release|Any CPU.ActiveCfg = Release|Any CPU
		{14B6F3FF-A5D2-4738-8C6D-1736E006767F}.Release|Any CPU.Build.0 = Release|Any CPU
		{AA7AEC58-379C-4A0F-AB0E-F9ED9CE9C33A}.Debug|Any CPU.ActiveCfg = Debug|Any CPU
		{AA7AEC58-379C-4A0F-AB0E-F9ED9CE9C33A}.Debug|Any CPU.Build.0 = Debug|Any CPU
		{AA7AEC58-379C-4A0F-AB0E-F9ED9CE9C33A}.Release|Any CPU.ActiveCfg = Release|Any CPU
		{AA7AEC58-379C-4A0F-AB0E-F9ED9CE9C33A}.Release|Any CPU.Build.0 = Release|Any CPU
		{C4FD28B9-C789-459F-94D1-93FE181FE06B}.Debug|Any CPU.ActiveCfg = Debug|Any CPU
		{C4FD28B9-C789-459F-94D1-93FE181FE06B}.Debug|Any CPU.Build.0 = Debug|Any CPU
		{C4FD28B9-C789-459F-94D1-93FE181FE06B}.Release|Any CPU.ActiveCfg = Release|Any CPU
		{C4FD28B9-C789-459F-94D1-93FE181FE06B}.Release|Any CPU.Build.0 = Release|Any CPU
		{D1EAEDF1-6753-4EFD-B72F-0EAC078D7DEF}.Debug|Any CPU.ActiveCfg = Debug|Any CPU
		{D1EAEDF1-6753-4EFD-B72F-0EAC078D7DEF}.Debug|Any CPU.Build.0 = Debug|Any CPU
		{D1EAEDF1-6753-4EFD-B72F-0EAC078D7DEF}.Release|Any CPU.ActiveCfg = Release|Any CPU
		{D1EAEDF1-6753-4EFD-B72F-0EAC078D7DEF}.Release|Any CPU.Build.0 = Release|Any CPU
		{D3A11D60-3F82-410F-B1A0-55CC54E06C90}.Debug|Any CPU.ActiveCfg = Debug|Any CPU
		{D3A11D60-3F82-410F-B1A0-55CC54E06C90}.Debug|Any CPU.Build.0 = Debug|Any CPU
		{D3A11D60-3F82-410F-B1A0-55CC54E06C90}.Release|Any CPU.ActiveCfg = Release|Any CPU
		{D3A11D60-3F82-410F-B1A0-55CC54E06C90}.Release|Any CPU.Build.0 = Release|Any CPU
		{AA7CC9F6-8FFE-4629-B412-A475F0865230}.Debug|Any CPU.ActiveCfg = Debug|Any CPU
		{AA7CC9F6-8FFE-4629-B412-A475F0865230}.Debug|Any CPU.Build.0 = Debug|Any CPU
		{AA7CC9F6-8FFE-4629-B412-A475F0865230}.Release|Any CPU.ActiveCfg = Release|Any CPU
		{AA7CC9F6-8FFE-4629-B412-A475F0865230}.Release|Any CPU.Build.0 = Release|Any CPU
		{5AAD61AA-E291-4692-BB2B-63E40D8AF5B8}.Debug|Any CPU.ActiveCfg = Debug|Any CPU
		{5AAD61AA-E291-4692-BB2B-63E40D8AF5B8}.Debug|Any CPU.Build.0 = Debug|Any CPU
		{5AAD61AA-E291-4692-BB2B-63E40D8AF5B8}.Release|Any CPU.ActiveCfg = Release|Any CPU
		{5AAD61AA-E291-4692-BB2B-63E40D8AF5B8}.Release|Any CPU.Build.0 = Release|Any CPU
	EndGlobalSection
	GlobalSection(SolutionProperties) = preSolution
		HideSolutionNode = FALSE
	EndGlobalSection
EndGlobal
