
Microsoft Visual Studio Solution File, Format Version 12.00
# Visual Studio 14
VisualStudioVersion = 14.0.25420.1
MinimumVisualStudioVersion = 10.0.40219.1
Project("{FAE04EC0-301F-11D3-BF4B-00C04F79EFBC}") = "01.SinoTheWalker", "01.SinoTheWalker\01.SinoTheWalker.csproj", "{A1BBCA3C-7685-4449-A244-879A87B51555}"
EndProject
Project("{FAE04EC0-301F-11D3-BF4B-00C04F79EFBC}") = "02.SoftUniKaraoke", "02.SoftUniKaraoke\02.SoftUniKaraoke.csproj", "{DC353719-5C9C-40D7-A046-29DBECE60D51}"
EndProject
Project("{FAE04EC0-301F-11D3-BF4B-00C04F79EFBC}") = "03.EnduranceRally", "03.EnduranceRally\03.EnduranceRally.csproj", "{C603635C-AC65-41DA-9CB4-D02C7252DC34}"
EndProject
Project("{FAE04EC0-301F-11D3-BF4B-00C04F79EFBC}") = "04.WinningTicket", "04.WinningTicket\04.WinningTicket.csproj", "{AF351C62-F852-455D-8F32-137D0D513EB1}"
EndProject
Project("{FAE04EC0-301F-11D3-BF4B-00C04F79EFBC}") = "Empty", "Empty\Empty.csproj", "{04246E80-81EE-4A77-98C2-18C2EE813420}"
EndProject
Global
	GlobalSection(SolutionConfigurationPlatforms) = preSolution
		Debug|Any CPU = Debug|Any CPU
		Release|Any CPU = Release|Any CPU
	EndGlobalSection
	GlobalSection(ProjectConfigurationPlatforms) = postSolution
		{A1BBCA3C-7685-4449-A244-879A87B51555}.Debug|Any CPU.ActiveCfg = Debug|Any CPU
		{A1BBCA3C-7685-4449-A244-879A87B51555}.Debug|Any CPU.Build.0 = Debug|Any CPU
		{A1BBCA3C-7685-4449-A244-879A87B51555}.Release|Any CPU.ActiveCfg = Release|Any CPU
		{A1BBCA3C-7685-4449-A244-879A87B51555}.Release|Any CPU.Build.0 = Release|Any CPU
		{DC353719-5C9C-40D7-A046-29DBECE60D51}.Debug|Any CPU.ActiveCfg = Debug|Any CPU
		{DC353719-5C9C-40D7-A046-29DBECE60D51}.Debug|Any CPU.Build.0 = Debug|Any CPU
		{DC353719-5C9C-40D7-A046-29DBECE60D51}.Release|Any CPU.ActiveCfg = Release|Any CPU
		{DC353719-5C9C-40D7-A046-29DBECE60D51}.Release|Any CPU.Build.0 = Release|Any CPU
		{C603635C-AC65-41DA-9CB4-D02C7252DC34}.Debug|Any CPU.ActiveCfg = Debug|Any CPU
		{C603635C-AC65-41DA-9CB4-D02C7252DC34}.Debug|Any CPU.Build.0 = Debug|Any CPU
		{C603635C-AC65-41DA-9CB4-D02C7252DC34}.Release|Any CPU.ActiveCfg = Release|Any CPU
		{C603635C-AC65-41DA-9CB4-D02C7252DC34}.Release|Any CPU.Build.0 = Release|Any CPU
		{AF351C62-F852-455D-8F32-137D0D513EB1}.Debug|Any CPU.ActiveCfg = Debug|Any CPU
		{AF351C62-F852-455D-8F32-137D0D513EB1}.Debug|Any CPU.Build.0 = Debug|Any CPU
		{AF351C62-F852-455D-8F32-137D0D513EB1}.Release|Any CPU.ActiveCfg = Release|Any CPU
		{AF351C62-F852-455D-8F32-137D0D513EB1}.Release|Any CPU.Build.0 = Release|Any CPU
		{04246E80-81EE-4A77-98C2-18C2EE813420}.Debug|Any CPU.ActiveCfg = Debug|Any CPU
		{04246E80-81EE-4A77-98C2-18C2EE813420}.Debug|Any CPU.Build.0 = Debug|Any CPU
		{04246E80-81EE-4A77-98C2-18C2EE813420}.Release|Any CPU.ActiveCfg = Release|Any CPU
		{04246E80-81EE-4A77-98C2-18C2EE813420}.Release|Any CPU.Build.0 = Release|Any CPU
	EndGlobalSection
	GlobalSection(SolutionProperties) = preSolution
		HideSolutionNode = FALSE
	EndGlobalSection
EndGlobal
