
Microsoft Visual Studio Solution File, Format Version 12.00
# Visual Studio 14
VisualStudioVersion = 14.0.25420.1
MinimumVisualStudioVersion = 10.0.40219.1
Project("{FAE04EC0-301F-11D3-BF4B-00C04F79EFBC}") = "01.MaxSequenceOfEqualElements", "01.MaxSequenceOfEqualElements\01.MaxSequenceOfEqualElements.csproj", "{E06DAFA8-2894-4180-8D64-B7E5E40D22E2}"
EndProject
Project("{FAE04EC0-301F-11D3-BF4B-00C04F79EFBC}") = "01.MaxSeqOfEqualElementsLists", "01.MaxSeqOfEqualElementsLists\01.MaxSeqOfEqualElementsLists.csproj", "{B10A4D42-C885-475C-9B3D-68FE9611A1C4}"
EndProject
Project("{FAE04EC0-301F-11D3-BF4B-00C04F79EFBC}") = "Empty", "Empty\Empty.csproj", "{69544C9B-24F5-41C6-99D5-B06D29530D49}"
EndProject
Project("{FAE04EC0-301F-11D3-BF4B-00C04F79EFBC}") = "05.BombNumbers", "05.BombNumbers\05.BombNumbers.csproj", "{BC5B8BBE-53C4-4674-8EA4-0C1CE51CDFB6}"
EndProject
Project("{FAE04EC0-301F-11D3-BF4B-00C04F79EFBC}") = "04.SumReversedNumbers", "04.SumReversedNumbers\04.SumReversedNumbers.csproj", "{CA03EC55-2953-43DF-A05A-749078928EAB}"
EndProject
Project("{FAE04EC0-301F-11D3-BF4B-00C04F79EFBC}") = "04.ArrayManipulator", "04.ArrayManipulator\04.ArrayManipulator.csproj", "{83277ED6-1D72-4F40-AA5F-8735BCA14E4E}"
EndProject
Project("{FAE04EC0-301F-11D3-BF4B-00C04F79EFBC}") = "04.ArrayManipulatorMemoryLimit", "04.ArrayManipulatorMemoryLimit\04.ArrayManipulatorMemoryLimit.csproj", "{93912AA3-6062-4903-A963-188D9648080B}"
EndProject
Global
	GlobalSection(SolutionConfigurationPlatforms) = preSolution
		Debug|Any CPU = Debug|Any CPU
		Release|Any CPU = Release|Any CPU
	EndGlobalSection
	GlobalSection(ProjectConfigurationPlatforms) = postSolution
		{E06DAFA8-2894-4180-8D64-B7E5E40D22E2}.Debug|Any CPU.ActiveCfg = Debug|Any CPU
		{E06DAFA8-2894-4180-8D64-B7E5E40D22E2}.Debug|Any CPU.Build.0 = Debug|Any CPU
		{E06DAFA8-2894-4180-8D64-B7E5E40D22E2}.Release|Any CPU.ActiveCfg = Release|Any CPU
		{E06DAFA8-2894-4180-8D64-B7E5E40D22E2}.Release|Any CPU.Build.0 = Release|Any CPU
		{B10A4D42-C885-475C-9B3D-68FE9611A1C4}.Debug|Any CPU.ActiveCfg = Debug|Any CPU
		{B10A4D42-C885-475C-9B3D-68FE9611A1C4}.Debug|Any CPU.Build.0 = Debug|Any CPU
		{B10A4D42-C885-475C-9B3D-68FE9611A1C4}.Release|Any CPU.ActiveCfg = Release|Any CPU
		{B10A4D42-C885-475C-9B3D-68FE9611A1C4}.Release|Any CPU.Build.0 = Release|Any CPU
		{69544C9B-24F5-41C6-99D5-B06D29530D49}.Debug|Any CPU.ActiveCfg = Debug|Any CPU
		{69544C9B-24F5-41C6-99D5-B06D29530D49}.Debug|Any CPU.Build.0 = Debug|Any CPU
		{69544C9B-24F5-41C6-99D5-B06D29530D49}.Release|Any CPU.ActiveCfg = Release|Any CPU
		{69544C9B-24F5-41C6-99D5-B06D29530D49}.Release|Any CPU.Build.0 = Release|Any CPU
		{BC5B8BBE-53C4-4674-8EA4-0C1CE51CDFB6}.Debug|Any CPU.ActiveCfg = Debug|Any CPU
		{BC5B8BBE-53C4-4674-8EA4-0C1CE51CDFB6}.Debug|Any CPU.Build.0 = Debug|Any CPU
		{BC5B8BBE-53C4-4674-8EA4-0C1CE51CDFB6}.Release|Any CPU.ActiveCfg = Release|Any CPU
		{BC5B8BBE-53C4-4674-8EA4-0C1CE51CDFB6}.Release|Any CPU.Build.0 = Release|Any CPU
		{CA03EC55-2953-43DF-A05A-749078928EAB}.Debug|Any CPU.ActiveCfg = Debug|Any CPU
		{CA03EC55-2953-43DF-A05A-749078928EAB}.Debug|Any CPU.Build.0 = Debug|Any CPU
		{CA03EC55-2953-43DF-A05A-749078928EAB}.Release|Any CPU.ActiveCfg = Release|Any CPU
		{CA03EC55-2953-43DF-A05A-749078928EAB}.Release|Any CPU.Build.0 = Release|Any CPU
		{83277ED6-1D72-4F40-AA5F-8735BCA14E4E}.Debug|Any CPU.ActiveCfg = Debug|Any CPU
		{83277ED6-1D72-4F40-AA5F-8735BCA14E4E}.Debug|Any CPU.Build.0 = Debug|Any CPU
		{83277ED6-1D72-4F40-AA5F-8735BCA14E4E}.Release|Any CPU.ActiveCfg = Release|Any CPU
		{83277ED6-1D72-4F40-AA5F-8735BCA14E4E}.Release|Any CPU.Build.0 = Release|Any CPU
		{93912AA3-6062-4903-A963-188D9648080B}.Debug|Any CPU.ActiveCfg = Debug|Any CPU
		{93912AA3-6062-4903-A963-188D9648080B}.Debug|Any CPU.Build.0 = Debug|Any CPU
		{93912AA3-6062-4903-A963-188D9648080B}.Release|Any CPU.ActiveCfg = Release|Any CPU
		{93912AA3-6062-4903-A963-188D9648080B}.Release|Any CPU.Build.0 = Release|Any CPU
	EndGlobalSection
	GlobalSection(SolutionProperties) = preSolution
		HideSolutionNode = FALSE
	EndGlobalSection
EndGlobal
