
Microsoft Visual Studio Solution File, Format Version 12.00
# Visual Studio 14
VisualStudioVersion = 14.0.25420.1
MinimumVisualStudioVersion = 10.0.40219.1
Project("{FAE04EC0-301F-11D3-BF4B-00C04F79EFBC}") = "01.ChooseDrink", "01.ChooseDrink\01.ChooseDrink.csproj", "{1495D89F-830C-4BB2-9B69-8A4A3253C369}"
EndProject
Project("{FAE04EC0-301F-11D3-BF4B-00C04F79EFBC}") = "02.ChooseADrink", "02.ChooseADrink\02.ChooseADrink.csproj", "{E0CEE5AF-DEB5-4678-BA7D-E795053C2C23}"
EndProject
Project("{FAE04EC0-301F-11D3-BF4B-00C04F79EFBC}") = "03.RestaurantDiscount", "03.RestaurantDiscount\03.RestaurantDiscount.csproj", "{9C16DDE6-D98F-4F08-BB9C-06A1642E7FA1}"
EndProject
Project("{FAE04EC0-301F-11D3-BF4B-00C04F79EFBC}") = "04.Hotel", "04.Hotel\04.Hotel.csproj", "{D8E8FBEE-9B2A-49CE-82CB-82E2AB1E6091}"
EndProject
Project("{FAE04EC0-301F-11D3-BF4B-00C04F79EFBC}") = "05.WordInPlural", "05.WordInPlural\05.WordInPlural.csproj", "{3E54F366-1044-4227-A8DF-DDCD021FA561}"
EndProject
Project("{FAE04EC0-301F-11D3-BF4B-00C04F79EFBC}") = "06.IntervalOfNumbers", "06.IntervalOfNumbers\06.IntervalOfNumbers.csproj", "{A528E558-6FC6-40EB-A76A-86CDAE08B263}"
EndProject
Project("{FAE04EC0-301F-11D3-BF4B-00C04F79EFBC}") = "07.CakeIngredients", "07.CakeIngredients\07.CakeIngredients.csproj", "{092566A3-33EA-4BFD-B520-3AA224C1E2E4}"
EndProject
Project("{FAE04EC0-301F-11D3-BF4B-00C04F79EFBC}") = "08.CaloriesCounter", "08.CaloriesCounter\08.CaloriesCounter.csproj", "{B306D3BE-DB05-46F5-83A0-9A64F2A60F95}"
EndProject
Project("{FAE04EC0-301F-11D3-BF4B-00C04F79EFBC}") = "09.CountTheIntegers", "09.CountTheIntegers\09.CountTheIntegers.csproj", "{71C15DF4-B16A-4B6D-B3C3-7C2057AA092D}"
EndProject
Project("{FAE04EC0-301F-11D3-BF4B-00C04F79EFBC}") = "10.TriangleOfNumbers", "10.TriangleOfNumbers\10.TriangleOfNumbers.csproj", "{1B0A2CC7-B494-4267-9CFF-DBF4E160EA5D}"
EndProject
Project("{FAE04EC0-301F-11D3-BF4B-00C04F79EFBC}") = "Empty", "Empty\Empty.csproj", "{BB072569-ACAE-42B3-AF61-26D5B391C14A}"
EndProject
Project("{FAE04EC0-301F-11D3-BF4B-00C04F79EFBC}") = "11.FiveDifferentNumbers", "11.FiveDifferentNumbers\11.FiveDifferentNumbers.csproj", "{4C55C1B0-9411-4F37-B5C6-55D76F1227F3}"
EndProject
Project("{FAE04EC0-301F-11D3-BF4B-00C04F79EFBC}") = "12.TestNumbers", "12.TestNumbers\12.TestNumbers.csproj", "{1CF06268-961F-4CE4-8563-0D16C83BBE6D}"
EndProject
Project("{FAE04EC0-301F-11D3-BF4B-00C04F79EFBC}") = "13.GameOfNumbers", "13.GameOfNumbers\13.GameOfNumbers.csproj", "{23EB991D-21FC-49F7-85C2-EA2CFAD95EC6}"
EndProject
Project("{FAE04EC0-301F-11D3-BF4B-00C04F79EFBC}") = "14.MagicLetter", "14.MagicLetter\14.MagicLetter.csproj", "{BD94D515-2F4F-4F64-817D-03E61DA5214E}"
EndProject
Project("{FAE04EC0-301F-11D3-BF4B-00C04F79EFBC}") = "15.NeighbourWars", "15.NeighbourWars\15.NeighbourWars.csproj", "{4123E1E6-62B0-4904-990B-040706F14024}"
EndProject
Global
	GlobalSection(SolutionConfigurationPlatforms) = preSolution
		Debug|Any CPU = Debug|Any CPU
		Release|Any CPU = Release|Any CPU
	EndGlobalSection
	GlobalSection(ProjectConfigurationPlatforms) = postSolution
		{1495D89F-830C-4BB2-9B69-8A4A3253C369}.Debug|Any CPU.ActiveCfg = Debug|Any CPU
		{1495D89F-830C-4BB2-9B69-8A4A3253C369}.Debug|Any CPU.Build.0 = Debug|Any CPU
		{1495D89F-830C-4BB2-9B69-8A4A3253C369}.Release|Any CPU.ActiveCfg = Release|Any CPU
		{1495D89F-830C-4BB2-9B69-8A4A3253C369}.Release|Any CPU.Build.0 = Release|Any CPU
		{E0CEE5AF-DEB5-4678-BA7D-E795053C2C23}.Debug|Any CPU.ActiveCfg = Debug|Any CPU
		{E0CEE5AF-DEB5-4678-BA7D-E795053C2C23}.Debug|Any CPU.Build.0 = Debug|Any CPU
		{E0CEE5AF-DEB5-4678-BA7D-E795053C2C23}.Release|Any CPU.ActiveCfg = Release|Any CPU
		{E0CEE5AF-DEB5-4678-BA7D-E795053C2C23}.Release|Any CPU.Build.0 = Release|Any CPU
		{9C16DDE6-D98F-4F08-BB9C-06A1642E7FA1}.Debug|Any CPU.ActiveCfg = Debug|Any CPU
		{9C16DDE6-D98F-4F08-BB9C-06A1642E7FA1}.Debug|Any CPU.Build.0 = Debug|Any CPU
		{9C16DDE6-D98F-4F08-BB9C-06A1642E7FA1}.Release|Any CPU.ActiveCfg = Release|Any CPU
		{9C16DDE6-D98F-4F08-BB9C-06A1642E7FA1}.Release|Any CPU.Build.0 = Release|Any CPU
		{D8E8FBEE-9B2A-49CE-82CB-82E2AB1E6091}.Debug|Any CPU.ActiveCfg = Debug|Any CPU
		{D8E8FBEE-9B2A-49CE-82CB-82E2AB1E6091}.Debug|Any CPU.Build.0 = Debug|Any CPU
		{D8E8FBEE-9B2A-49CE-82CB-82E2AB1E6091}.Release|Any CPU.ActiveCfg = Release|Any CPU
		{D8E8FBEE-9B2A-49CE-82CB-82E2AB1E6091}.Release|Any CPU.Build.0 = Release|Any CPU
		{3E54F366-1044-4227-A8DF-DDCD021FA561}.Debug|Any CPU.ActiveCfg = Debug|Any CPU
		{3E54F366-1044-4227-A8DF-DDCD021FA561}.Debug|Any CPU.Build.0 = Debug|Any CPU
		{3E54F366-1044-4227-A8DF-DDCD021FA561}.Release|Any CPU.ActiveCfg = Release|Any CPU
		{3E54F366-1044-4227-A8DF-DDCD021FA561}.Release|Any CPU.Build.0 = Release|Any CPU
		{A528E558-6FC6-40EB-A76A-86CDAE08B263}.Debug|Any CPU.ActiveCfg = Debug|Any CPU
		{A528E558-6FC6-40EB-A76A-86CDAE08B263}.Debug|Any CPU.Build.0 = Debug|Any CPU
		{A528E558-6FC6-40EB-A76A-86CDAE08B263}.Release|Any CPU.ActiveCfg = Release|Any CPU
		{A528E558-6FC6-40EB-A76A-86CDAE08B263}.Release|Any CPU.Build.0 = Release|Any CPU
		{092566A3-33EA-4BFD-B520-3AA224C1E2E4}.Debug|Any CPU.ActiveCfg = Debug|Any CPU
		{092566A3-33EA-4BFD-B520-3AA224C1E2E4}.Debug|Any CPU.Build.0 = Debug|Any CPU
		{092566A3-33EA-4BFD-B520-3AA224C1E2E4}.Release|Any CPU.ActiveCfg = Release|Any CPU
		{092566A3-33EA-4BFD-B520-3AA224C1E2E4}.Release|Any CPU.Build.0 = Release|Any CPU
		{B306D3BE-DB05-46F5-83A0-9A64F2A60F95}.Debug|Any CPU.ActiveCfg = Debug|Any CPU
		{B306D3BE-DB05-46F5-83A0-9A64F2A60F95}.Debug|Any CPU.Build.0 = Debug|Any CPU
		{B306D3BE-DB05-46F5-83A0-9A64F2A60F95}.Release|Any CPU.ActiveCfg = Release|Any CPU
		{B306D3BE-DB05-46F5-83A0-9A64F2A60F95}.Release|Any CPU.Build.0 = Release|Any CPU
		{71C15DF4-B16A-4B6D-B3C3-7C2057AA092D}.Debug|Any CPU.ActiveCfg = Debug|Any CPU
		{71C15DF4-B16A-4B6D-B3C3-7C2057AA092D}.Debug|Any CPU.Build.0 = Debug|Any CPU
		{71C15DF4-B16A-4B6D-B3C3-7C2057AA092D}.Release|Any CPU.ActiveCfg = Release|Any CPU
		{71C15DF4-B16A-4B6D-B3C3-7C2057AA092D}.Release|Any CPU.Build.0 = Release|Any CPU
		{1B0A2CC7-B494-4267-9CFF-DBF4E160EA5D}.Debug|Any CPU.ActiveCfg = Debug|Any CPU
		{1B0A2CC7-B494-4267-9CFF-DBF4E160EA5D}.Debug|Any CPU.Build.0 = Debug|Any CPU
		{1B0A2CC7-B494-4267-9CFF-DBF4E160EA5D}.Release|Any CPU.ActiveCfg = Release|Any CPU
		{1B0A2CC7-B494-4267-9CFF-DBF4E160EA5D}.Release|Any CPU.Build.0 = Release|Any CPU
		{BB072569-ACAE-42B3-AF61-26D5B391C14A}.Debug|Any CPU.ActiveCfg = Debug|Any CPU
		{BB072569-ACAE-42B3-AF61-26D5B391C14A}.Debug|Any CPU.Build.0 = Debug|Any CPU
		{BB072569-ACAE-42B3-AF61-26D5B391C14A}.Release|Any CPU.ActiveCfg = Release|Any CPU
		{BB072569-ACAE-42B3-AF61-26D5B391C14A}.Release|Any CPU.Build.0 = Release|Any CPU
		{4C55C1B0-9411-4F37-B5C6-55D76F1227F3}.Debug|Any CPU.ActiveCfg = Debug|Any CPU
		{4C55C1B0-9411-4F37-B5C6-55D76F1227F3}.Debug|Any CPU.Build.0 = Debug|Any CPU
		{4C55C1B0-9411-4F37-B5C6-55D76F1227F3}.Release|Any CPU.ActiveCfg = Release|Any CPU
		{4C55C1B0-9411-4F37-B5C6-55D76F1227F3}.Release|Any CPU.Build.0 = Release|Any CPU
		{1CF06268-961F-4CE4-8563-0D16C83BBE6D}.Debug|Any CPU.ActiveCfg = Debug|Any CPU
		{1CF06268-961F-4CE4-8563-0D16C83BBE6D}.Debug|Any CPU.Build.0 = Debug|Any CPU
		{1CF06268-961F-4CE4-8563-0D16C83BBE6D}.Release|Any CPU.ActiveCfg = Release|Any CPU
		{1CF06268-961F-4CE4-8563-0D16C83BBE6D}.Release|Any CPU.Build.0 = Release|Any CPU
		{23EB991D-21FC-49F7-85C2-EA2CFAD95EC6}.Debug|Any CPU.ActiveCfg = Debug|Any CPU
		{23EB991D-21FC-49F7-85C2-EA2CFAD95EC6}.Debug|Any CPU.Build.0 = Debug|Any CPU
		{23EB991D-21FC-49F7-85C2-EA2CFAD95EC6}.Release|Any CPU.ActiveCfg = Release|Any CPU
		{23EB991D-21FC-49F7-85C2-EA2CFAD95EC6}.Release|Any CPU.Build.0 = Release|Any CPU
		{BD94D515-2F4F-4F64-817D-03E61DA5214E}.Debug|Any CPU.ActiveCfg = Debug|Any CPU
		{BD94D515-2F4F-4F64-817D-03E61DA5214E}.Debug|Any CPU.Build.0 = Debug|Any CPU
		{BD94D515-2F4F-4F64-817D-03E61DA5214E}.Release|Any CPU.ActiveCfg = Release|Any CPU
		{BD94D515-2F4F-4F64-817D-03E61DA5214E}.Release|Any CPU.Build.0 = Release|Any CPU
		{4123E1E6-62B0-4904-990B-040706F14024}.Debug|Any CPU.ActiveCfg = Debug|Any CPU
		{4123E1E6-62B0-4904-990B-040706F14024}.Debug|Any CPU.Build.0 = Debug|Any CPU
		{4123E1E6-62B0-4904-990B-040706F14024}.Release|Any CPU.ActiveCfg = Release|Any CPU
		{4123E1E6-62B0-4904-990B-040706F14024}.Release|Any CPU.Build.0 = Release|Any CPU
	EndGlobalSection
	GlobalSection(SolutionProperties) = preSolution
		HideSolutionNode = FALSE
	EndGlobalSection
EndGlobal
