
Microsoft Visual Studio Solution File, Format Version 12.00
# Visual Studio 14
VisualStudioVersion = 14.0.25420.1
MinimumVisualStudioVersion = 10.0.40219.1
Project("{FAE04EC0-301F-11D3-BF4B-00C04F79EFBC}") = "01.InstructionSet", "01.InstructionSet\01.InstructionSet.csproj", "{97DE989E-10B8-4F8A-B698-3FF2DFB3D3E2}"
EndProject
Project("{FAE04EC0-301F-11D3-BF4B-00C04F79EFBC}") = "02.BePositive", "02.BePositive\02.BePositive.csproj", "{A28FDD2A-EA9A-4FF0-A79A-ED772CCCA1A5}"
EndProject
Project("{FAE04EC0-301F-11D3-BF4B-00C04F79EFBC}") = "03.SequenceCommands", "03.SequenceCommands\03.SequenceCommands.csproj", "{1BA345E7-042C-4709-8D66-51229B992093}"
EndProject
Project("{FAE04EC0-301F-11D3-BF4B-00C04F79EFBC}") = "04.Substring", "04.Substring\04.Substring.csproj", "{1C85CFD6-2EFF-4A9B-8D61-7004881A6BBC}"
EndProject
Global
	GlobalSection(SolutionConfigurationPlatforms) = preSolution
		Debug|Any CPU = Debug|Any CPU
		Release|Any CPU = Release|Any CPU
	EndGlobalSection
	GlobalSection(ProjectConfigurationPlatforms) = postSolution
		{97DE989E-10B8-4F8A-B698-3FF2DFB3D3E2}.Debug|Any CPU.ActiveCfg = Debug|Any CPU
		{97DE989E-10B8-4F8A-B698-3FF2DFB3D3E2}.Debug|Any CPU.Build.0 = Debug|Any CPU
		{97DE989E-10B8-4F8A-B698-3FF2DFB3D3E2}.Release|Any CPU.ActiveCfg = Release|Any CPU
		{97DE989E-10B8-4F8A-B698-3FF2DFB3D3E2}.Release|Any CPU.Build.0 = Release|Any CPU
		{A28FDD2A-EA9A-4FF0-A79A-ED772CCCA1A5}.Debug|Any CPU.ActiveCfg = Debug|Any CPU
		{A28FDD2A-EA9A-4FF0-A79A-ED772CCCA1A5}.Debug|Any CPU.Build.0 = Debug|Any CPU
		{A28FDD2A-EA9A-4FF0-A79A-ED772CCCA1A5}.Release|Any CPU.ActiveCfg = Release|Any CPU
		{A28FDD2A-EA9A-4FF0-A79A-ED772CCCA1A5}.Release|Any CPU.Build.0 = Release|Any CPU
		{1BA345E7-042C-4709-8D66-51229B992093}.Debug|Any CPU.ActiveCfg = Debug|Any CPU
		{1BA345E7-042C-4709-8D66-51229B992093}.Debug|Any CPU.Build.0 = Debug|Any CPU
		{1BA345E7-042C-4709-8D66-51229B992093}.Release|Any CPU.ActiveCfg = Release|Any CPU
		{1BA345E7-042C-4709-8D66-51229B992093}.Release|Any CPU.Build.0 = Release|Any CPU
		{1C85CFD6-2EFF-4A9B-8D61-7004881A6BBC}.Debug|Any CPU.ActiveCfg = Debug|Any CPU
		{1C85CFD6-2EFF-4A9B-8D61-7004881A6BBC}.Debug|Any CPU.Build.0 = Debug|Any CPU
		{1C85CFD6-2EFF-4A9B-8D61-7004881A6BBC}.Release|Any CPU.ActiveCfg = Release|Any CPU
		{1C85CFD6-2EFF-4A9B-8D61-7004881A6BBC}.Release|Any CPU.Build.0 = Release|Any CPU
	EndGlobalSection
	GlobalSection(SolutionProperties) = preSolution
		HideSolutionNode = FALSE
	EndGlobalSection
EndGlobal
