
Microsoft Visual Studio Solution File, Format Version 12.00
# Visual Studio 14
VisualStudioVersion = 14.0.25420.1
MinimumVisualStudioVersion = 10.0.40219.1
Project("{FAE04EC0-301F-11D3-BF4B-00C04F79EFBC}") = "Empty", "Empty\Empty.csproj", "{31BCB67D-61AD-4B49-9E39-629C0DD76D52}"
EndProject
Project("{FAE04EC0-301F-11D3-BF4B-00C04F79EFBC}") = "01.ConvertToBinary", "01.ConvertToBinary\01.ConvertToBinary.csproj", "{05D4A58F-EAB1-4788-813A-826CC19E0FA6}"
EndProject
Project("{FAE04EC0-301F-11D3-BF4B-00C04F79EFBC}") = "02.ConvertNumberToHexadecimalDecimal", "02.ConvertNumberToHexadecimalDecimal\02.ConvertNumberToHexadecimalDecimal.csproj", "{3B10B480-07E1-42C2-A7CF-2AF62DDC4037}"
EndProject
Global
	GlobalSection(SolutionConfigurationPlatforms) = preSolution
		Debug|Any CPU = Debug|Any CPU
		Release|Any CPU = Release|Any CPU
	EndGlobalSection
	GlobalSection(ProjectConfigurationPlatforms) = postSolution
		{31BCB67D-61AD-4B49-9E39-629C0DD76D52}.Debug|Any CPU.ActiveCfg = Debug|Any CPU
		{31BCB67D-61AD-4B49-9E39-629C0DD76D52}.Debug|Any CPU.Build.0 = Debug|Any CPU
		{31BCB67D-61AD-4B49-9E39-629C0DD76D52}.Release|Any CPU.ActiveCfg = Release|Any CPU
		{31BCB67D-61AD-4B49-9E39-629C0DD76D52}.Release|Any CPU.Build.0 = Release|Any CPU
		{05D4A58F-EAB1-4788-813A-826CC19E0FA6}.Debug|Any CPU.ActiveCfg = Debug|Any CPU
		{05D4A58F-EAB1-4788-813A-826CC19E0FA6}.Debug|Any CPU.Build.0 = Debug|Any CPU
		{05D4A58F-EAB1-4788-813A-826CC19E0FA6}.Release|Any CPU.ActiveCfg = Release|Any CPU
		{05D4A58F-EAB1-4788-813A-826CC19E0FA6}.Release|Any CPU.Build.0 = Release|Any CPU
		{3B10B480-07E1-42C2-A7CF-2AF62DDC4037}.Debug|Any CPU.ActiveCfg = Debug|Any CPU
		{3B10B480-07E1-42C2-A7CF-2AF62DDC4037}.Debug|Any CPU.Build.0 = Debug|Any CPU
		{3B10B480-07E1-42C2-A7CF-2AF62DDC4037}.Release|Any CPU.ActiveCfg = Release|Any CPU
		{3B10B480-07E1-42C2-A7CF-2AF62DDC4037}.Release|Any CPU.Build.0 = Release|Any CPU
	EndGlobalSection
	GlobalSection(SolutionProperties) = preSolution
		HideSolutionNode = FALSE
	EndGlobalSection
EndGlobal
