
Microsoft Visual Studio Solution File, Format Version 12.00
# Visual Studio 14
VisualStudioVersion = 14.0.25420.1
MinimumVisualStudioVersion = 10.0.40219.1
Project("{FAE04EC0-301F-11D3-BF4B-00C04F79EFBC}") = "01.Phonebook", "01.Phonebook\01.Phonebook.csproj", "{A996AC6D-FCCC-4A46-A462-A1D27E8E4778}"
EndProject
Project("{FAE04EC0-301F-11D3-BF4B-00C04F79EFBC}") = "02.PhonebookUpgrade", "02.PhonebookUpgrade\02.PhonebookUpgrade.csproj", "{94F6F612-8CA9-4200-8B31-F64E8F729D5D}"
EndProject
Project("{FAE04EC0-301F-11D3-BF4B-00C04F79EFBC}") = "02.PhonebookUpgradeOtherWay", "02.PhonebookUpgradeOtherWay\02.PhonebookUpgradeOtherWay.csproj", "{AD175145-993A-498A-9263-228494F65C17}"
EndProject
Project("{FAE04EC0-301F-11D3-BF4B-00C04F79EFBC}") = "03.AMinerTask", "03.AMinerTask\03.AMinerTask.csproj", "{9800B3CD-AA04-4715-BB03-9E7B03DF0FF4}"
EndProject
Project("{FAE04EC0-301F-11D3-BF4B-00C04F79EFBC}") = "04.FixEmails", "04.FixEmails\04.FixEmails.csproj", "{68E0C85E-B786-4300-8D68-C594BFFE629B}"
EndProject
Project("{FAE04EC0-301F-11D3-BF4B-00C04F79EFBC}") = "05.HandsOfCards", "05.HandsOfCards\05.HandsOfCards.csproj", "{41AE4C6D-2C31-43F6-BAA8-F8A7F597A513}"
EndProject
Project("{FAE04EC0-301F-11D3-BF4B-00C04F79EFBC}") = "11.DragonArmy", "11.DragonArmy\11.DragonArmy.csproj", "{B8AD4C86-7EDC-48DF-A097-E9448B92A3DD}"
EndProject
Project("{FAE04EC0-301F-11D3-BF4B-00C04F79EFBC}") = "Empty", "Empty\Empty.csproj", "{EE03C5D7-4BBB-4027-A63D-01EEABC565EF}"
EndProject
Project("{FAE04EC0-301F-11D3-BF4B-00C04F79EFBC}") = "06.UserLogs", "06.UserLogs\06.UserLogs.csproj", "{DBC98517-1136-4BA1-B10B-7470CED15F71}"
EndProject
Project("{FAE04EC0-301F-11D3-BF4B-00C04F79EFBC}") = "07.PopulationCounter", "07.PopulationCounter\07.PopulationCounter.csproj", "{58BE67ED-551F-43A6-826D-A1EFB4892F6B}"
EndProject
Project("{FAE04EC0-301F-11D3-BF4B-00C04F79EFBC}") = "08.LogsAggregator", "08.LogsAggregator\08.LogsAggregator.csproj", "{75F8C426-441E-45B7-8138-05880E92D148}"
EndProject
Project("{FAE04EC0-301F-11D3-BF4B-00C04F79EFBC}") = "09.LegendaryFarming", "09.LegendaryFarming\09.LegendaryFarming.csproj", "{491DDE73-D57C-4C58-97B3-0F7AAE4E3762}"
EndProject
Project("{FAE04EC0-301F-11D3-BF4B-00C04F79EFBC}") = "10.СръбскоUnleashed", "10.СръбскоUnleashed\10.СръбскоUnleashed.csproj", "{DDB835BD-C5BB-4A22-8494-5611213D9BC4}"
EndProject
Global
	GlobalSection(SolutionConfigurationPlatforms) = preSolution
		Debug|Any CPU = Debug|Any CPU
		Release|Any CPU = Release|Any CPU
	EndGlobalSection
	GlobalSection(ProjectConfigurationPlatforms) = postSolution
		{A996AC6D-FCCC-4A46-A462-A1D27E8E4778}.Debug|Any CPU.ActiveCfg = Debug|Any CPU
		{A996AC6D-FCCC-4A46-A462-A1D27E8E4778}.Debug|Any CPU.Build.0 = Debug|Any CPU
		{A996AC6D-FCCC-4A46-A462-A1D27E8E4778}.Release|Any CPU.ActiveCfg = Release|Any CPU
		{A996AC6D-FCCC-4A46-A462-A1D27E8E4778}.Release|Any CPU.Build.0 = Release|Any CPU
		{94F6F612-8CA9-4200-8B31-F64E8F729D5D}.Debug|Any CPU.ActiveCfg = Debug|Any CPU
		{94F6F612-8CA9-4200-8B31-F64E8F729D5D}.Debug|Any CPU.Build.0 = Debug|Any CPU
		{94F6F612-8CA9-4200-8B31-F64E8F729D5D}.Release|Any CPU.ActiveCfg = Release|Any CPU
		{94F6F612-8CA9-4200-8B31-F64E8F729D5D}.Release|Any CPU.Build.0 = Release|Any CPU
		{AD175145-993A-498A-9263-228494F65C17}.Debug|Any CPU.ActiveCfg = Debug|Any CPU
		{AD175145-993A-498A-9263-228494F65C17}.Debug|Any CPU.Build.0 = Debug|Any CPU
		{AD175145-993A-498A-9263-228494F65C17}.Release|Any CPU.ActiveCfg = Release|Any CPU
		{AD175145-993A-498A-9263-228494F65C17}.Release|Any CPU.Build.0 = Release|Any CPU
		{9800B3CD-AA04-4715-BB03-9E7B03DF0FF4}.Debug|Any CPU.ActiveCfg = Debug|Any CPU
		{9800B3CD-AA04-4715-BB03-9E7B03DF0FF4}.Debug|Any CPU.Build.0 = Debug|Any CPU
		{9800B3CD-AA04-4715-BB03-9E7B03DF0FF4}.Release|Any CPU.ActiveCfg = Release|Any CPU
		{9800B3CD-AA04-4715-BB03-9E7B03DF0FF4}.Release|Any CPU.Build.0 = Release|Any CPU
		{68E0C85E-B786-4300-8D68-C594BFFE629B}.Debug|Any CPU.ActiveCfg = Debug|Any CPU
		{68E0C85E-B786-4300-8D68-C594BFFE629B}.Debug|Any CPU.Build.0 = Debug|Any CPU
		{68E0C85E-B786-4300-8D68-C594BFFE629B}.Release|Any CPU.ActiveCfg = Release|Any CPU
		{68E0C85E-B786-4300-8D68-C594BFFE629B}.Release|Any CPU.Build.0 = Release|Any CPU
		{41AE4C6D-2C31-43F6-BAA8-F8A7F597A513}.Debug|Any CPU.ActiveCfg = Debug|Any CPU
		{41AE4C6D-2C31-43F6-BAA8-F8A7F597A513}.Debug|Any CPU.Build.0 = Debug|Any CPU
		{41AE4C6D-2C31-43F6-BAA8-F8A7F597A513}.Release|Any CPU.ActiveCfg = Release|Any CPU
		{41AE4C6D-2C31-43F6-BAA8-F8A7F597A513}.Release|Any CPU.Build.0 = Release|Any CPU
		{B8AD4C86-7EDC-48DF-A097-E9448B92A3DD}.Debug|Any CPU.ActiveCfg = Debug|Any CPU
		{B8AD4C86-7EDC-48DF-A097-E9448B92A3DD}.Debug|Any CPU.Build.0 = Debug|Any CPU
		{B8AD4C86-7EDC-48DF-A097-E9448B92A3DD}.Release|Any CPU.ActiveCfg = Release|Any CPU
		{B8AD4C86-7EDC-48DF-A097-E9448B92A3DD}.Release|Any CPU.Build.0 = Release|Any CPU
		{EE03C5D7-4BBB-4027-A63D-01EEABC565EF}.Debug|Any CPU.ActiveCfg = Debug|Any CPU
		{EE03C5D7-4BBB-4027-A63D-01EEABC565EF}.Debug|Any CPU.Build.0 = Debug|Any CPU
		{EE03C5D7-4BBB-4027-A63D-01EEABC565EF}.Release|Any CPU.ActiveCfg = Release|Any CPU
		{EE03C5D7-4BBB-4027-A63D-01EEABC565EF}.Release|Any CPU.Build.0 = Release|Any CPU
		{DBC98517-1136-4BA1-B10B-7470CED15F71}.Debug|Any CPU.ActiveCfg = Debug|Any CPU
		{DBC98517-1136-4BA1-B10B-7470CED15F71}.Debug|Any CPU.Build.0 = Debug|Any CPU
		{DBC98517-1136-4BA1-B10B-7470CED15F71}.Release|Any CPU.ActiveCfg = Release|Any CPU
		{DBC98517-1136-4BA1-B10B-7470CED15F71}.Release|Any CPU.Build.0 = Release|Any CPU
		{58BE67ED-551F-43A6-826D-A1EFB4892F6B}.Debug|Any CPU.ActiveCfg = Debug|Any CPU
		{58BE67ED-551F-43A6-826D-A1EFB4892F6B}.Debug|Any CPU.Build.0 = Debug|Any CPU
		{58BE67ED-551F-43A6-826D-A1EFB4892F6B}.Release|Any CPU.ActiveCfg = Release|Any CPU
		{58BE67ED-551F-43A6-826D-A1EFB4892F6B}.Release|Any CPU.Build.0 = Release|Any CPU
		{75F8C426-441E-45B7-8138-05880E92D148}.Debug|Any CPU.ActiveCfg = Debug|Any CPU
		{75F8C426-441E-45B7-8138-05880E92D148}.Debug|Any CPU.Build.0 = Debug|Any CPU
		{75F8C426-441E-45B7-8138-05880E92D148}.Release|Any CPU.ActiveCfg = Release|Any CPU
		{75F8C426-441E-45B7-8138-05880E92D148}.Release|Any CPU.Build.0 = Release|Any CPU
		{491DDE73-D57C-4C58-97B3-0F7AAE4E3762}.Debug|Any CPU.ActiveCfg = Debug|Any CPU
		{491DDE73-D57C-4C58-97B3-0F7AAE4E3762}.Debug|Any CPU.Build.0 = Debug|Any CPU
		{491DDE73-D57C-4C58-97B3-0F7AAE4E3762}.Release|Any CPU.ActiveCfg = Release|Any CPU
		{491DDE73-D57C-4C58-97B3-0F7AAE4E3762}.Release|Any CPU.Build.0 = Release|Any CPU
		{DDB835BD-C5BB-4A22-8494-5611213D9BC4}.Debug|Any CPU.ActiveCfg = Debug|Any CPU
		{DDB835BD-C5BB-4A22-8494-5611213D9BC4}.Debug|Any CPU.Build.0 = Debug|Any CPU
		{DDB835BD-C5BB-4A22-8494-5611213D9BC4}.Release|Any CPU.ActiveCfg = Release|Any CPU
		{DDB835BD-C5BB-4A22-8494-5611213D9BC4}.Release|Any CPU.Build.0 = Release|Any CPU
	EndGlobalSection
	GlobalSection(SolutionProperties) = preSolution
		HideSolutionNode = FALSE
	EndGlobalSection
EndGlobal
