
Microsoft Visual Studio Solution File, Format Version 12.00
# Visual Studio 14
VisualStudioVersion = 14.0.25420.1
MinimumVisualStudioVersion = 10.0.40219.1
Project("{FAE04EC0-301F-11D3-BF4B-00C04F79EFBC}") = "Empty", "Empty\Empty.csproj", "{6DB9951E-FF1F-471B-9A12-25C7B81B26F1}"
EndProject
Project("{FAE04EC0-301F-11D3-BF4B-00C04F79EFBC}") = "02.OddOccurrences", "02.OddOccurrences\02.OddOccurrences.csproj", "{7AC622B1-BEA3-4F6F-B5B6-2B42A024BBF2}"
EndProject
Project("{FAE04EC0-301F-11D3-BF4B-00C04F79EFBC}") = "01.CountRealNumbers", "01.CountRealNumbers\01.CountRealNumbers.csproj", "{E6A36AD7-5DE2-4DA1-89C8-9E5CCA58F7DB}"
EndProject
Project("{FAE04EC0-301F-11D3-BF4B-00C04F79EFBC}") = "01.CountRealNumbersOtherWay", "01.CountRealNumbersOtherWay\01.CountRealNumbersOtherWay.csproj", "{F9E3863B-06EA-4664-BB5C-95C409D9D89B}"
EndProject
Project("{FAE04EC0-301F-11D3-BF4B-00C04F79EFBC}") = "03.SumMinMaxAverage", "03.SumMinMaxAverage\03.SumMinMaxAverage.csproj", "{20D31224-4A10-44F1-9F92-E0DF927DBC95}"
EndProject
Project("{FAE04EC0-301F-11D3-BF4B-00C04F79EFBC}") = "04.Largest3Numbers", "04.Largest3Numbers\04.Largest3Numbers.csproj", "{2E6FB400-FF3A-4E9C-AE8A-D71A74E7BCCE}"
EndProject
Project("{FAE04EC0-301F-11D3-BF4B-00C04F79EFBC}") = "05.ShortWordsSorted", "05.ShortWordsSorted\05.ShortWordsSorted.csproj", "{7819BAB9-5E8C-4EB0-B2EE-CFC4D7DFD198}"
EndProject
Project("{FAE04EC0-301F-11D3-BF4B-00C04F79EFBC}") = "06.FoldAndSum", "06.FoldAndSum\06.FoldAndSum.csproj", "{059AF6A9-537C-4955-B261-B4959F112EDD}"
EndProject
Global
	GlobalSection(SolutionConfigurationPlatforms) = preSolution
		Debug|Any CPU = Debug|Any CPU
		Release|Any CPU = Release|Any CPU
	EndGlobalSection
	GlobalSection(ProjectConfigurationPlatforms) = postSolution
		{6DB9951E-FF1F-471B-9A12-25C7B81B26F1}.Debug|Any CPU.ActiveCfg = Debug|Any CPU
		{6DB9951E-FF1F-471B-9A12-25C7B81B26F1}.Debug|Any CPU.Build.0 = Debug|Any CPU
		{6DB9951E-FF1F-471B-9A12-25C7B81B26F1}.Release|Any CPU.ActiveCfg = Release|Any CPU
		{6DB9951E-FF1F-471B-9A12-25C7B81B26F1}.Release|Any CPU.Build.0 = Release|Any CPU
		{7AC622B1-BEA3-4F6F-B5B6-2B42A024BBF2}.Debug|Any CPU.ActiveCfg = Debug|Any CPU
		{7AC622B1-BEA3-4F6F-B5B6-2B42A024BBF2}.Debug|Any CPU.Build.0 = Debug|Any CPU
		{7AC622B1-BEA3-4F6F-B5B6-2B42A024BBF2}.Release|Any CPU.ActiveCfg = Release|Any CPU
		{7AC622B1-BEA3-4F6F-B5B6-2B42A024BBF2}.Release|Any CPU.Build.0 = Release|Any CPU
		{E6A36AD7-5DE2-4DA1-89C8-9E5CCA58F7DB}.Debug|Any CPU.ActiveCfg = Debug|Any CPU
		{E6A36AD7-5DE2-4DA1-89C8-9E5CCA58F7DB}.Debug|Any CPU.Build.0 = Debug|Any CPU
		{E6A36AD7-5DE2-4DA1-89C8-9E5CCA58F7DB}.Release|Any CPU.ActiveCfg = Release|Any CPU
		{E6A36AD7-5DE2-4DA1-89C8-9E5CCA58F7DB}.Release|Any CPU.Build.0 = Release|Any CPU
		{F9E3863B-06EA-4664-BB5C-95C409D9D89B}.Debug|Any CPU.ActiveCfg = Debug|Any CPU
		{F9E3863B-06EA-4664-BB5C-95C409D9D89B}.Debug|Any CPU.Build.0 = Debug|Any CPU
		{F9E3863B-06EA-4664-BB5C-95C409D9D89B}.Release|Any CPU.ActiveCfg = Release|Any CPU
		{F9E3863B-06EA-4664-BB5C-95C409D9D89B}.Release|Any CPU.Build.0 = Release|Any CPU
		{20D31224-4A10-44F1-9F92-E0DF927DBC95}.Debug|Any CPU.ActiveCfg = Debug|Any CPU
		{20D31224-4A10-44F1-9F92-E0DF927DBC95}.Debug|Any CPU.Build.0 = Debug|Any CPU
		{20D31224-4A10-44F1-9F92-E0DF927DBC95}.Release|Any CPU.ActiveCfg = Release|Any CPU
		{20D31224-4A10-44F1-9F92-E0DF927DBC95}.Release|Any CPU.Build.0 = Release|Any CPU
		{2E6FB400-FF3A-4E9C-AE8A-D71A74E7BCCE}.Debug|Any CPU.ActiveCfg = Debug|Any CPU
		{2E6FB400-FF3A-4E9C-AE8A-D71A74E7BCCE}.Debug|Any CPU.Build.0 = Debug|Any CPU
		{2E6FB400-FF3A-4E9C-AE8A-D71A74E7BCCE}.Release|Any CPU.ActiveCfg = Release|Any CPU
		{2E6FB400-FF3A-4E9C-AE8A-D71A74E7BCCE}.Release|Any CPU.Build.0 = Release|Any CPU
		{7819BAB9-5E8C-4EB0-B2EE-CFC4D7DFD198}.Debug|Any CPU.ActiveCfg = Debug|Any CPU
		{7819BAB9-5E8C-4EB0-B2EE-CFC4D7DFD198}.Debug|Any CPU.Build.0 = Debug|Any CPU
		{7819BAB9-5E8C-4EB0-B2EE-CFC4D7DFD198}.Release|Any CPU.ActiveCfg = Release|Any CPU
		{7819BAB9-5E8C-4EB0-B2EE-CFC4D7DFD198}.Release|Any CPU.Build.0 = Release|Any CPU
		{059AF6A9-537C-4955-B261-B4959F112EDD}.Debug|Any CPU.ActiveCfg = Debug|Any CPU
		{059AF6A9-537C-4955-B261-B4959F112EDD}.Debug|Any CPU.Build.0 = Debug|Any CPU
		{059AF6A9-537C-4955-B261-B4959F112EDD}.Release|Any CPU.ActiveCfg = Release|Any CPU
		{059AF6A9-537C-4955-B261-B4959F112EDD}.Release|Any CPU.Build.0 = Release|Any CPU
	EndGlobalSection
	GlobalSection(SolutionProperties) = preSolution
		HideSolutionNode = FALSE
	EndGlobalSection
EndGlobal
